PODS:
  - Expecta (1.0.6)
  - "Expecta+Snapshots (3.1.1)":
    - Expecta (~> 1.0)
    - FBSnapshotTestCase/Core (~> 2.0)
    - Specta (~> 1.0)
  - FBSnapshotTestCase (2.1.4):
    - FBSnapshotTestCase/SwiftSupport (= 2.1.4)
  - FBSnapshotTestCase/Core (2.1.4)
  - FBSnapshotTestCase/SwiftSupport (2.1.4):
    - FBSnapshotTestCase/Core
  - JKCategories (1.9.2):
    - JKCategories/CoreData (= 1.9.2)
    - JKCategories/CoreLocation (= 1.9.2)
    - JKCategories/Foundation (= 1.9.2)
    - JKCategories/MapKit (= 1.9.2)
    - JKCategories/QuartzCore (= 1.9.2)
    - JKCategories/UIKit (= 1.9.2)
  - JKCategories/CoreData (1.9.2):
    - JKCategories/CoreData/NSFetchRequest (= 1.9.2)
    - JKCategories/CoreData/NSManagedObject (= 1.9.2)
    - JKCategories/CoreData/NSManagedObjectContext (= 1.9.2)
  - JKCategories/CoreData/NSFetchRequest (1.9.2)
  - JKCategories/CoreData/NSManagedObject (1.9.2):
    - JKCategories/CoreData/NSManagedObjectContext
  - JKCategories/CoreData/NSManagedObjectContext (1.9.2):
    - JKCategories/CoreData/NSFetchRequest
  - JKCategories/CoreLocation (1.9.2):
    - JKCategories/CoreLocation/CLLocation (= 1.9.2)
  - JKCategories/CoreLocation/CLLocation (1.9.2)
  - JKCategories/Foundation (1.9.2):
    - JKCategories/Foundation/NSArray (= 1.9.2)
    - JKCategories/Foundation/NSBundle (= 1.9.2)
    - JKCategories/Foundation/NSData (= 1.9.2)
    - JKCategories/Foundation/NSDate (= 1.9.2)
    - JKCategories/Foundation/NSDateFormatter (= 1.9.2)
    - JKCategories/Foundation/NSDictionary (= 1.9.2)
    - JKCategories/Foundation/NSException (= 1.9.2)
    - JKCategories/Foundation/NSFileHandle (= 1.9.2)
    - JKCategories/Foundation/NSFileManager (= 1.9.2)
    - JKCategories/Foundation/NSHTTPCookieStorage (= 1.9.2)
    - JKCategories/Foundation/NSIndexPath (= 1.9.2)
    - JKCategories/Foundation/NSInvocation (= 1.9.2)
    - JKCategories/Foundation/NSNotificationCenter (= 1.9.2)
    - JKCategories/Foundation/NSNumber (= 1.9.2)
    - JKCategories/Foundation/NSObject (= 1.9.2)
    - JKCategories/Foundation/NSRunLoop (= 1.9.2)
    - JKCategories/Foundation/NSSet (= 1.9.2)
    - JKCategories/Foundation/NSString (= 1.9.2)
    - JKCategories/Foundation/NSTimer (= 1.9.2)
    - JKCategories/Foundation/NSURL (= 1.9.2)
    - JKCategories/Foundation/NSURLConnection (= 1.9.2)
    - JKCategories/Foundation/NSURLRequest (= 1.9.2)
    - JKCategories/Foundation/NSURLSession (= 1.9.2)
    - JKCategories/Foundation/NSUserDefaults (= 1.9.2)
  - JKCategories/Foundation/NSArray (1.9.2)
  - JKCategories/Foundation/NSBundle (1.9.2)
  - JKCategories/Foundation/NSData (1.9.2)
  - JKCategories/Foundation/NSDate (1.9.2)
  - JKCategories/Foundation/NSDateFormatter (1.9.2)
  - JKCategories/Foundation/NSDictionary (1.9.2)
  - JKCategories/Foundation/NSException (1.9.2)
  - JKCategories/Foundation/NSFileHandle (1.9.2)
  - JKCategories/Foundation/NSFileManager (1.9.2)
  - JKCategories/Foundation/NSHTTPCookieStorage (1.9.2)
  - JKCategories/Foundation/NSIndexPath (1.9.2)
  - JKCategories/Foundation/NSInvocation (1.9.2)
  - JKCategories/Foundation/NSNotificationCenter (1.9.2)
  - JKCategories/Foundation/NSNumber (1.9.2)
  - JKCategories/Foundation/NSObject (1.9.2)
  - JKCategories/Foundation/NSRunLoop (1.9.2)
  - JKCategories/Foundation/NSSet (1.9.2)
  - JKCategories/Foundation/NSString (1.9.2):
    - JKCategories/Foundation/NSData
  - JKCategories/Foundation/NSTimer (1.9.2)
  - JKCategories/Foundation/NSURL (1.9.2)
  - JKCategories/Foundation/NSURLConnection (1.9.2)
  - JKCategories/Foundation/NSURLRequest (1.9.2)
  - JKCategories/Foundation/NSURLSession (1.9.2)
  - JKCategories/Foundation/NSUserDefaults (1.9.2)
  - JKCategories/MapKit (1.9.2):
    - JKCategories/MapKit/MKMapView (= 1.9.2)
  - JKCategories/MapKit/MKMapView (1.9.2)
  - JKCategories/QuartzCore (1.9.2):
    - JKCategories/QuartzCore/CAAnimation (= 1.9.2)
    - JKCategories/QuartzCore/CALayer (= 1.9.2)
    - JKCategories/QuartzCore/CAMediaTimingFunction (= 1.9.2)
    - JKCategories/QuartzCore/CAShapeLayer (= 1.9.2)
    - JKCategories/QuartzCore/CATransaction (= 1.9.2)
  - JKCategories/QuartzCore/CAAnimation (1.9.2)
  - JKCategories/QuartzCore/CALayer (1.9.2)
  - JKCategories/QuartzCore/CAMediaTimingFunction (1.9.2)
  - JKCategories/QuartzCore/CAShapeLayer (1.9.2)
  - JKCategories/QuartzCore/CATransaction (1.9.2)
  - JKCategories/UIKit (1.9.2):
    - JKCategories/UIKit/UIApplication (= 1.9.2)
    - JKCategories/UIKit/UIBarButtonItem (= 1.9.2)
    - JKCategories/UIKit/UIBezierPath (= 1.9.2)
    - JKCategories/UIKit/UIButton (= 1.9.2)
    - JKCategories/UIKit/UIColor (= 1.9.2)
    - JKCategories/UIKit/UIControl (= 1.9.2)
    - JKCategories/UIKit/UIDevice (= 1.9.2)
    - JKCategories/UIKit/UIFont (= 1.9.2)
    - JKCategories/UIKit/UIImage (= 1.9.2)
    - JKCategories/UIKit/UIImageView (= 1.9.2)
    - JKCategories/UIKit/UILable (= 1.9.2)
    - JKCategories/UIKit/UINavigationBar (= 1.9.2)
    - JKCategories/UIKit/UINavigationController (= 1.9.2)
    - JKCategories/UIKit/UINavigationItem (= 1.9.2)
    - JKCategories/UIKit/UIPopoverController (= 1.9.2)
    - JKCategories/UIKit/UIResponder (= 1.9.2)
    - JKCategories/UIKit/UIScreen (= 1.9.2)
    - JKCategories/UIKit/UIScrollView (= 1.9.2)
    - JKCategories/UIKit/UISearchBar (= 1.9.2)
    - JKCategories/UIKit/UISplitViewController (= 1.9.2)
    - JKCategories/UIKit/UITableView (= 1.9.2)
    - JKCategories/UIKit/UITableViewCell (= 1.9.2)
    - JKCategories/UIKit/UITextField (= 1.9.2)
    - JKCategories/UIKit/UITextView (= 1.9.2)
    - JKCategories/UIKit/UIView (= 1.9.2)
    - JKCategories/UIKit/UIViewController (= 1.9.2)
    - JKCategories/UIKit/UIWindow (= 1.9.2)
  - JKCategories/UIKit/UIApplication (1.9.2)
  - JKCategories/UIKit/UIBarButtonItem (1.9.2)
  - JKCategories/UIKit/UIBezierPath (1.9.2)
  - JKCategories/UIKit/UIButton (1.9.2)
  - JKCategories/UIKit/UIColor (1.9.2)
  - JKCategories/UIKit/UIControl (1.9.2)
  - JKCategories/UIKit/UIDevice (1.9.2)
  - JKCategories/UIKit/UIFont (1.9.2)
  - JKCategories/UIKit/UIImage (1.9.2)
  - JKCategories/UIKit/UIImageView (1.9.2)
  - JKCategories/UIKit/UILable (1.9.2)
  - JKCategories/UIKit/UINavigationBar (1.9.2)
  - JKCategories/UIKit/UINavigationController (1.9.2)
  - JKCategories/UIKit/UINavigationItem (1.9.2)
  - JKCategories/UIKit/UIPopoverController (1.9.2)
  - JKCategories/UIKit/UIResponder (1.9.2)
  - JKCategories/UIKit/UIScreen (1.9.2)
  - JKCategories/UIKit/UIScrollView (1.9.2)
  - JKCategories/UIKit/UISearchBar (1.9.2)
  - JKCategories/UIKit/UISplitViewController (1.9.2)
  - JKCategories/UIKit/UITableView (1.9.2)
  - JKCategories/UIKit/UITableViewCell (1.9.2)
  - JKCategories/UIKit/UITextField (1.9.2)
  - JKCategories/UIKit/UITextView (1.9.2)
  - JKCategories/UIKit/UIView (1.9.2)
  - JKCategories/UIKit/UIViewController (1.9.2)
  - JKCategories/UIKit/UIWindow (1.9.2)
  - Masonry (1.1.0)
  - OCUI (0.1.2):
    - JKCategories (~> 1.9.1)
    - Masonry (~> 1.1.0)
  - ReactiveCocoa (10.3.0):
    - ReactiveSwift (~> 6.2)
  - ReactiveObjC (3.1.1)
  - ReactiveSwift (6.5.0)
  - Specta (1.0.7)
  - YYModel (1.0.4)

DEPENDENCIES:
  - Expecta
  - "Expecta+Snapshots"
  - FBSnapshotTestCase
  - OCUI (from `../`)
  - ReactiveCocoa (~> 10.1)
  - ReactiveObjC (~> 3.1.1)
  - Specta
  - YYModel

SPEC REPOS:
  trunk:
    - Expecta
    - "Expecta+Snapshots"
    - FBSnapshotTestCase
    - JKCategories
    - Masonry
    - ReactiveCocoa
    - ReactiveObjC
    - ReactiveSwift
    - Specta
    - YYModel

EXTERNAL SOURCES:
  OCUI:
    :path: "../"

SPEC CHECKSUMS:
  Expecta: 3b6bd90a64b9a1dcb0b70aa0e10a7f8f631667d5
  "Expecta+Snapshots": dcff217eef506dabd6dfdc7864ea2da321fafbb8
  FBSnapshotTestCase: 094f9f314decbabe373b87cc339bea235a63e07a
  JKCategories: 83d85cc7455e265fbdb2f4add3c77c643fad57f5
  Masonry: 678fab65091a9290e40e2832a55e7ab731aad201
  OCUI: e184e794a301ad749bf1e2e2a26f3e6381a4a669
  ReactiveCocoa: 083ae559e6f588ce519cab412ea119b431c26a24
  ReactiveObjC: 011caa393aa0383245f2dcf9bf02e86b80b36040
  ReactiveSwift: 8d159904084e908856cde90b2e28823f3c7e485f
  Specta: 3e1bd89c3517421982dc4d1c992503e48bd5fe66
  YYModel: 2a7fdd96aaa4b86a824e26d0c517de8928c04b30

PODFILE CHECKSUM: cec9c4825bf3b92438ccec72d2c124f4a91818f8

COCOAPODS: 1.10.0
